
Microsoft Visual Studio Solution File, Format Version 12.00
# Visual Studio Version 16
VisualStudioVersion = 16.0.30907.101
MinimumVisualStudioVersion = 10.0.40219.1
Project("{FAE04EC0-301F-11D3-BF4B-00C04F79EFBC}") = "Aplikacija", "Aplikacija\Aplikacija.csproj", "{2B8F06EC-96F3-4961-93B7-B382F27E6682}"
EndProject
Global
	GlobalSection(SolutionConfigurationPlatforms) = preSolution
		Debug|Any CPU = Debug|Any CPU
		Release|Any CPU = Release|Any CPU
	EndGlobalSection
	GlobalSection(ProjectConfigurationPlatforms) = postSolution
		{2B8F06EC-96F3-4961-93B7-B382F27E6682}.Debug|Any CPU.ActiveCfg = Debug|Any CPU
		{2B8F06EC-96F3-4961-93B7-B382F27E6682}.Debug|Any CPU.Build.0 = Debug|Any CPU
		{2B8F06EC-96F3-4961-93B7-B382F27E6682}.Release|Any CPU.ActiveCfg = Release|Any CPU
		{2B8F06EC-96F3-4961-93B7-B382F27E6682}.Release|Any CPU.Build.0 = Release|Any CPU
	EndGlobalSection
	GlobalSection(SolutionProperties) = preSolution
		HideSolutionNode = FALSE
	EndGlobalSection
	GlobalSection(ExtensibilityGlobals) = postSolution
		SolutionGuid = {4D5292FF-6DAC-4D0A-B016-8D72827AB1DE}
	EndGlobalSection
EndGlobal
